
Microsoft Visual Studio Solution File, Format Version 12.00
# Visual Studio 15
VisualStudioVersion = 15.0.27004.2010
MinimumVisualStudioVersion = 10.0.40219.1
Project("{FAE04EC0-301F-11D3-BF4B-00C04F79EFBC}") = "Persons", "Salary\Persons.csproj", "{51498EF3-EDF0-4429-835F-58E071AD0A8B}"
EndProject
Global
	GlobalSection(SolutionConfigurationPlatforms) = preSolution
		Debug|Any CPU = Debug|Any CPU
		Release|Any CPU = Release|Any CPU
	EndGlobalSection
	GlobalSection(ProjectConfigurationPlatforms) = postSolution
		{51498EF3-EDF0-4429-835F-58E071AD0A8B}.Debug|Any CPU.ActiveCfg = Debug|Any CPU
		{51498EF3-EDF0-4429-835F-58E071AD0A8B}.Debug|Any CPU.Build.0 = Debug|Any CPU
		{51498EF3-EDF0-4429-835F-58E071AD0A8B}.Release|Any CPU.ActiveCfg = Release|Any CPU
		{51498EF3-EDF0-4429-835F-58E071AD0A8B}.Release|Any CPU.Build.0 = Release|Any CPU
	EndGlobalSection
	GlobalSection(SolutionProperties) = preSolution
		HideSolutionNode = FALSE
	EndGlobalSection
	GlobalSection(ExtensibilityGlobals) = postSolution
		SolutionGuid = {6263B032-0FA2-4365-A70C-C8E52F5BA0AC}
	EndGlobalSection
EndGlobal
