
Microsoft Visual Studio Solution File, Format Version 12.00
# Visual Studio 15
VisualStudioVersion = 15.0.27004.2010
MinimumVisualStudioVersion = 10.0.40219.1
Project("{9A19103F-16F7-4668-BE54-9A1E7A4F7556}") = "Minedraft", "Minedraft\Minedraft.csproj", "{7584DF82-C083-417F-9C5D-49CB61B59571}"
EndProject
Global
	GlobalSection(SolutionConfigurationPlatforms) = preSolution
		Debug|Any CPU = Debug|Any CPU
		Release|Any CPU = Release|Any CPU
	EndGlobalSection
	GlobalSection(ProjectConfigurationPlatforms) = postSolution
		{7584DF82-C083-417F-9C5D-49CB61B59571}.Debug|Any CPU.ActiveCfg = Debug|Any CPU
		{7584DF82-C083-417F-9C5D-49CB61B59571}.Debug|Any CPU.Build.0 = Debug|Any CPU
		{7584DF82-C083-417F-9C5D-49CB61B59571}.Release|Any CPU.ActiveCfg = Release|Any CPU
		{7584DF82-C083-417F-9C5D-49CB61B59571}.Release|Any CPU.Build.0 = Release|Any CPU
	EndGlobalSection
	GlobalSection(SolutionProperties) = preSolution
		HideSolutionNode = FALSE
	EndGlobalSection
	GlobalSection(ExtensibilityGlobals) = postSolution
		SolutionGuid = {3F95FD5D-2725-4A9D-8507-ED5B0A8CED06}
	EndGlobalSection
EndGlobal
