
Microsoft Visual Studio Solution File, Format Version 12.00
# Visual Studio 15
VisualStudioVersion = 15.0.27004.2010
MinimumVisualStudioVersion = 10.0.40219.1
Project("{9A19103F-16F7-4668-BE54-9A1E7A4F7556}") = "P03_BarraksWars", "P03_BarraksWars.csproj", "{D72E543C-0482-44EF-A59D-D3DA5DA3CA13}"
EndProject
Global
	GlobalSection(SolutionConfigurationPlatforms) = preSolution
		Debug|Any CPU = Debug|Any CPU
		Release|Any CPU = Release|Any CPU
	EndGlobalSection
	GlobalSection(ProjectConfigurationPlatforms) = postSolution
		{D72E543C-0482-44EF-A59D-D3DA5DA3CA13}.Debug|Any CPU.ActiveCfg = Debug|Any CPU
		{D72E543C-0482-44EF-A59D-D3DA5DA3CA13}.Debug|Any CPU.Build.0 = Debug|Any CPU
		{D72E543C-0482-44EF-A59D-D3DA5DA3CA13}.Release|Any CPU.ActiveCfg = Release|Any CPU
		{D72E543C-0482-44EF-A59D-D3DA5DA3CA13}.Release|Any CPU.Build.0 = Release|Any CPU
	EndGlobalSection
	GlobalSection(SolutionProperties) = preSolution
		HideSolutionNode = FALSE
	EndGlobalSection
	GlobalSection(ExtensibilityGlobals) = postSolution
		SolutionGuid = {997DEBC7-2EB9-4748-8EFC-EC853B05F46B}
	EndGlobalSection
EndGlobal
