
Microsoft Visual Studio Solution File, Format Version 12.00
# Visual Studio 15
VisualStudioVersion = 15.0.27004.2010
MinimumVisualStudioVersion = 10.0.40219.1
Project("{FAE04EC0-301F-11D3-BF4B-00C04F79EFBC}") = "NeedForSpeed", "NeedForSpeed\NeedForSpeed.csproj", "{83028452-6CE2-4A14-8306-2C8A0311C9D8}"
EndProject
Global
	GlobalSection(SolutionConfigurationPlatforms) = preSolution
		Debug|Any CPU = Debug|Any CPU
		Release|Any CPU = Release|Any CPU
	EndGlobalSection
	GlobalSection(ProjectConfigurationPlatforms) = postSolution
		{83028452-6CE2-4A14-8306-2C8A0311C9D8}.Debug|Any CPU.ActiveCfg = Debug|Any CPU
		{83028452-6CE2-4A14-8306-2C8A0311C9D8}.Debug|Any CPU.Build.0 = Debug|Any CPU
		{83028452-6CE2-4A14-8306-2C8A0311C9D8}.Release|Any CPU.ActiveCfg = Release|Any CPU
		{83028452-6CE2-4A14-8306-2C8A0311C9D8}.Release|Any CPU.Build.0 = Release|Any CPU
	EndGlobalSection
	GlobalSection(SolutionProperties) = preSolution
		HideSolutionNode = FALSE
	EndGlobalSection
	GlobalSection(ExtensibilityGlobals) = postSolution
		SolutionGuid = {D90633BD-934E-448D-B9AC-E99AD6870E88}
	EndGlobalSection
EndGlobal
