
Microsoft Visual Studio Solution File, Format Version 12.00
# Visual Studio 15
VisualStudioVersion = 15.0.27004.2010
MinimumVisualStudioVersion = 10.0.40219.1
Project("{FAE04EC0-301F-11D3-BF4B-00C04F79EFBC}") = "01. Cubic Artillery", "01. Cubic Artillery\01. Cubic Artillery.csproj", "{4C19B797-64DF-4C35-9823-8F34C7867C71}"
EndProject
Project("{FAE04EC0-301F-11D3-BF4B-00C04F79EFBC}") = "02. Cubics Rube", "Cubics Rube\02. Cubics Rube.csproj", "{B062288D-1015-412A-B987-D0DCDA5A21AF}"
EndProject
Project("{FAE04EC0-301F-11D3-BF4B-00C04F79EFBC}") = "03. Cubic Messages", "03. Cubic Messages\03. Cubic Messages.csproj", "{C9AE1A25-4EE7-4C3B-9B00-3D78C2C906A4}"
EndProject
Project("{FAE04EC0-301F-11D3-BF4B-00C04F79EFBC}") = "04. Cubic Assault", "04. Cubic Assault\04. Cubic Assault.csproj", "{F6DEA222-50AE-41F2-8DE3-6F6B767B9AFD}"
EndProject
Global
	GlobalSection(SolutionConfigurationPlatforms) = preSolution
		Debug|Any CPU = Debug|Any CPU
		Release|Any CPU = Release|Any CPU
	EndGlobalSection
	GlobalSection(ProjectConfigurationPlatforms) = postSolution
		{4C19B797-64DF-4C35-9823-8F34C7867C71}.Debug|Any CPU.ActiveCfg = Debug|Any CPU
		{4C19B797-64DF-4C35-9823-8F34C7867C71}.Debug|Any CPU.Build.0 = Debug|Any CPU
		{4C19B797-64DF-4C35-9823-8F34C7867C71}.Release|Any CPU.ActiveCfg = Release|Any CPU
		{4C19B797-64DF-4C35-9823-8F34C7867C71}.Release|Any CPU.Build.0 = Release|Any CPU
		{B062288D-1015-412A-B987-D0DCDA5A21AF}.Debug|Any CPU.ActiveCfg = Debug|Any CPU
		{B062288D-1015-412A-B987-D0DCDA5A21AF}.Debug|Any CPU.Build.0 = Debug|Any CPU
		{B062288D-1015-412A-B987-D0DCDA5A21AF}.Release|Any CPU.ActiveCfg = Release|Any CPU
		{B062288D-1015-412A-B987-D0DCDA5A21AF}.Release|Any CPU.Build.0 = Release|Any CPU
		{C9AE1A25-4EE7-4C3B-9B00-3D78C2C906A4}.Debug|Any CPU.ActiveCfg = Debug|Any CPU
		{C9AE1A25-4EE7-4C3B-9B00-3D78C2C906A4}.Debug|Any CPU.Build.0 = Debug|Any CPU
		{C9AE1A25-4EE7-4C3B-9B00-3D78C2C906A4}.Release|Any CPU.ActiveCfg = Release|Any CPU
		{C9AE1A25-4EE7-4C3B-9B00-3D78C2C906A4}.Release|Any CPU.Build.0 = Release|Any CPU
		{F6DEA222-50AE-41F2-8DE3-6F6B767B9AFD}.Debug|Any CPU.ActiveCfg = Debug|Any CPU
		{F6DEA222-50AE-41F2-8DE3-6F6B767B9AFD}.Debug|Any CPU.Build.0 = Debug|Any CPU
		{F6DEA222-50AE-41F2-8DE3-6F6B767B9AFD}.Release|Any CPU.ActiveCfg = Release|Any CPU
		{F6DEA222-50AE-41F2-8DE3-6F6B767B9AFD}.Release|Any CPU.Build.0 = Release|Any CPU
	EndGlobalSection
	GlobalSection(SolutionProperties) = preSolution
		HideSolutionNode = FALSE
	EndGlobalSection
	GlobalSection(ExtensibilityGlobals) = postSolution
		SolutionGuid = {A485C51D-10F5-4161-B3EF-5763B62AEA51}
	EndGlobalSection
EndGlobal
