
Microsoft Visual Studio Solution File, Format Version 12.00
# Visual Studio 15
VisualStudioVersion = 15.0.27004.2010
MinimumVisualStudioVersion = 10.0.40219.1
Project("{FAE04EC0-301F-11D3-BF4B-00C04F79EFBC}") = "01. Matrix of Palindromes", "01. Matrix of Palindromes\01. Matrix of Palindromes.csproj", "{A42A055B-238F-4FDC-A8DE-E050445A06D9}"
EndProject
Project("{FAE04EC0-301F-11D3-BF4B-00C04F79EFBC}") = "02. Diagonal Difference", "02. Diagonal Difference\02. Diagonal Difference.csproj", "{05CA4484-F63E-440A-B077-EE855FD003C4}"
EndProject
Project("{FAE04EC0-301F-11D3-BF4B-00C04F79EFBC}") = "03. Squares in Matrix", "03. Squares in Matrix\03. Squares in Matrix.csproj", "{71B2F5FF-FC7D-47D1-8CC0-84DC826D5660}"
EndProject
Project("{FAE04EC0-301F-11D3-BF4B-00C04F79EFBC}") = "04. Maximal Sum", "04. Maximal Sum\04. Maximal Sum.csproj", "{C9AE6D4F-8588-4FF5-B831-A6C7E7BE1034}"
EndProject
Project("{FAE04EC0-301F-11D3-BF4B-00C04F79EFBC}") = "05. Rubiks Matrix", "05. Rubiks Matrix\05. Rubiks Matrix.csproj", "{434DEB3F-CF9F-4352-96D7-664635857660}"
EndProject
Project("{FAE04EC0-301F-11D3-BF4B-00C04F79EFBC}") = "06. Target Practice", "6. Target Practice\06. Target Practice.csproj", "{1641BD64-FFED-46D9-90CF-E2F8335FFD56}"
EndProject
Project("{FAE04EC0-301F-11D3-BF4B-00C04F79EFBC}") = "07. Lego Blocks", "7. Lego Blocks\07. Lego Blocks.csproj", "{687B9799-113E-47CF-95A0-3E49F78A0385}"
EndProject
Project("{FAE04EC0-301F-11D3-BF4B-00C04F79EFBC}") = "08. Radioactive Bunnies", "8. Radioactive Bunnies\08. Radioactive Bunnies.csproj", "{D24998BC-1D1C-48BB-A0AA-8CB99D75E572}"
EndProject
Project("{FAE04EC0-301F-11D3-BF4B-00C04F79EFBC}") = "09. Crossfire", "09. Crossfire\09. Crossfire.csproj", "{7F29B8E1-9679-46C5-A998-CDF21EA0E2FF}"
EndProject
Project("{FAE04EC0-301F-11D3-BF4B-00C04F79EFBC}") = "10. The Heigan Dance", "10. The Heigan Dance\10. The Heigan Dance.csproj", "{F9893AFA-E9CE-4771-8327-64821DA0EE45}"
EndProject
Project("{FAE04EC0-301F-11D3-BF4B-00C04F79EFBC}") = "11. Parking System", "11. Parking System\11. Parking System.csproj", "{F660CCC6-2D01-417D-8032-AD3F96A91595}"
EndProject
Project("{FAE04EC0-301F-11D3-BF4B-00C04F79EFBC}") = "12. String Matrix Rotation", "12. String Matrix Rotation\12. String Matrix Rotation.csproj", "{27BD88B2-38D1-49F0-B492-D4C57BF22D48}"
EndProject
Project("{FAE04EC0-301F-11D3-BF4B-00C04F79EFBC}") = "09.CrossFire - new solution with List", "09.CrossFire - new solution with List\09.CrossFire - new solution with List.csproj", "{64172449-56E7-4F69-85BA-53DF3FB44ACB}"
EndProject
Project("{FAE04EC0-301F-11D3-BF4B-00C04F79EFBC}") = "1.The Heigan Dance - second solution", "1.The Heigan Dance - second solution\1.The Heigan Dance - second solution.csproj", "{38E67C2A-E447-4206-AE6B-BBA3947EAD6D}"
EndProject
Global
	GlobalSection(SolutionConfigurationPlatforms) = preSolution
		Debug|Any CPU = Debug|Any CPU
		Release|Any CPU = Release|Any CPU
	EndGlobalSection
	GlobalSection(ProjectConfigurationPlatforms) = postSolution
		{A42A055B-238F-4FDC-A8DE-E050445A06D9}.Debug|Any CPU.ActiveCfg = Debug|Any CPU
		{A42A055B-238F-4FDC-A8DE-E050445A06D9}.Debug|Any CPU.Build.0 = Debug|Any CPU
		{A42A055B-238F-4FDC-A8DE-E050445A06D9}.Release|Any CPU.ActiveCfg = Release|Any CPU
		{A42A055B-238F-4FDC-A8DE-E050445A06D9}.Release|Any CPU.Build.0 = Release|Any CPU
		{05CA4484-F63E-440A-B077-EE855FD003C4}.Debug|Any CPU.ActiveCfg = Debug|Any CPU
		{05CA4484-F63E-440A-B077-EE855FD003C4}.Debug|Any CPU.Build.0 = Debug|Any CPU
		{05CA4484-F63E-440A-B077-EE855FD003C4}.Release|Any CPU.ActiveCfg = Release|Any CPU
		{05CA4484-F63E-440A-B077-EE855FD003C4}.Release|Any CPU.Build.0 = Release|Any CPU
		{71B2F5FF-FC7D-47D1-8CC0-84DC826D5660}.Debug|Any CPU.ActiveCfg = Debug|Any CPU
		{71B2F5FF-FC7D-47D1-8CC0-84DC826D5660}.Debug|Any CPU.Build.0 = Debug|Any CPU
		{71B2F5FF-FC7D-47D1-8CC0-84DC826D5660}.Release|Any CPU.ActiveCfg = Release|Any CPU
		{71B2F5FF-FC7D-47D1-8CC0-84DC826D5660}.Release|Any CPU.Build.0 = Release|Any CPU
		{C9AE6D4F-8588-4FF5-B831-A6C7E7BE1034}.Debug|Any CPU.ActiveCfg = Debug|Any CPU
		{C9AE6D4F-8588-4FF5-B831-A6C7E7BE1034}.Debug|Any CPU.Build.0 = Debug|Any CPU
		{C9AE6D4F-8588-4FF5-B831-A6C7E7BE1034}.Release|Any CPU.ActiveCfg = Release|Any CPU
		{C9AE6D4F-8588-4FF5-B831-A6C7E7BE1034}.Release|Any CPU.Build.0 = Release|Any CPU
		{434DEB3F-CF9F-4352-96D7-664635857660}.Debug|Any CPU.ActiveCfg = Debug|Any CPU
		{434DEB3F-CF9F-4352-96D7-664635857660}.Debug|Any CPU.Build.0 = Debug|Any CPU
		{434DEB3F-CF9F-4352-96D7-664635857660}.Release|Any CPU.ActiveCfg = Release|Any CPU
		{434DEB3F-CF9F-4352-96D7-664635857660}.Release|Any CPU.Build.0 = Release|Any CPU
		{1641BD64-FFED-46D9-90CF-E2F8335FFD56}.Debug|Any CPU.ActiveCfg = Debug|Any CPU
		{1641BD64-FFED-46D9-90CF-E2F8335FFD56}.Debug|Any CPU.Build.0 = Debug|Any CPU
		{1641BD64-FFED-46D9-90CF-E2F8335FFD56}.Release|Any CPU.ActiveCfg = Release|Any CPU
		{1641BD64-FFED-46D9-90CF-E2F8335FFD56}.Release|Any CPU.Build.0 = Release|Any CPU
		{687B9799-113E-47CF-95A0-3E49F78A0385}.Debug|Any CPU.ActiveCfg = Debug|Any CPU
		{687B9799-113E-47CF-95A0-3E49F78A0385}.Debug|Any CPU.Build.0 = Debug|Any CPU
		{687B9799-113E-47CF-95A0-3E49F78A0385}.Release|Any CPU.ActiveCfg = Release|Any CPU
		{687B9799-113E-47CF-95A0-3E49F78A0385}.Release|Any CPU.Build.0 = Release|Any CPU
		{D24998BC-1D1C-48BB-A0AA-8CB99D75E572}.Debug|Any CPU.ActiveCfg = Debug|Any CPU
		{D24998BC-1D1C-48BB-A0AA-8CB99D75E572}.Debug|Any CPU.Build.0 = Debug|Any CPU
		{D24998BC-1D1C-48BB-A0AA-8CB99D75E572}.Release|Any CPU.ActiveCfg = Release|Any CPU
		{D24998BC-1D1C-48BB-A0AA-8CB99D75E572}.Release|Any CPU.Build.0 = Release|Any CPU
		{7F29B8E1-9679-46C5-A998-CDF21EA0E2FF}.Debug|Any CPU.ActiveCfg = Debug|Any CPU
		{7F29B8E1-9679-46C5-A998-CDF21EA0E2FF}.Debug|Any CPU.Build.0 = Debug|Any CPU
		{7F29B8E1-9679-46C5-A998-CDF21EA0E2FF}.Release|Any CPU.ActiveCfg = Release|Any CPU
		{7F29B8E1-9679-46C5-A998-CDF21EA0E2FF}.Release|Any CPU.Build.0 = Release|Any CPU
		{F9893AFA-E9CE-4771-8327-64821DA0EE45}.Debug|Any CPU.ActiveCfg = Debug|Any CPU
		{F9893AFA-E9CE-4771-8327-64821DA0EE45}.Debug|Any CPU.Build.0 = Debug|Any CPU
		{F9893AFA-E9CE-4771-8327-64821DA0EE45}.Release|Any CPU.ActiveCfg = Release|Any CPU
		{F9893AFA-E9CE-4771-8327-64821DA0EE45}.Release|Any CPU.Build.0 = Release|Any CPU
		{F660CCC6-2D01-417D-8032-AD3F96A91595}.Debug|Any CPU.ActiveCfg = Debug|Any CPU
		{F660CCC6-2D01-417D-8032-AD3F96A91595}.Debug|Any CPU.Build.0 = Debug|Any CPU
		{F660CCC6-2D01-417D-8032-AD3F96A91595}.Release|Any CPU.ActiveCfg = Release|Any CPU
		{F660CCC6-2D01-417D-8032-AD3F96A91595}.Release|Any CPU.Build.0 = Release|Any CPU
		{27BD88B2-38D1-49F0-B492-D4C57BF22D48}.Debug|Any CPU.ActiveCfg = Debug|Any CPU
		{27BD88B2-38D1-49F0-B492-D4C57BF22D48}.Debug|Any CPU.Build.0 = Debug|Any CPU
		{27BD88B2-38D1-49F0-B492-D4C57BF22D48}.Release|Any CPU.ActiveCfg = Release|Any CPU
		{27BD88B2-38D1-49F0-B492-D4C57BF22D48}.Release|Any CPU.Build.0 = Release|Any CPU
		{64172449-56E7-4F69-85BA-53DF3FB44ACB}.Debug|Any CPU.ActiveCfg = Debug|Any CPU
		{64172449-56E7-4F69-85BA-53DF3FB44ACB}.Debug|Any CPU.Build.0 = Debug|Any CPU
		{64172449-56E7-4F69-85BA-53DF3FB44ACB}.Release|Any CPU.ActiveCfg = Release|Any CPU
		{64172449-56E7-4F69-85BA-53DF3FB44ACB}.Release|Any CPU.Build.0 = Release|Any CPU
		{38E67C2A-E447-4206-AE6B-BBA3947EAD6D}.Debug|Any CPU.ActiveCfg = Debug|Any CPU
		{38E67C2A-E447-4206-AE6B-BBA3947EAD6D}.Debug|Any CPU.Build.0 = Debug|Any CPU
		{38E67C2A-E447-4206-AE6B-BBA3947EAD6D}.Release|Any CPU.ActiveCfg = Release|Any CPU
		{38E67C2A-E447-4206-AE6B-BBA3947EAD6D}.Release|Any CPU.Build.0 = Release|Any CPU
	EndGlobalSection
	GlobalSection(SolutionProperties) = preSolution
		HideSolutionNode = FALSE
	EndGlobalSection
	GlobalSection(ExtensibilityGlobals) = postSolution
		SolutionGuid = {E10E1529-8D84-42AD-A325-12F1227DE69E}
	EndGlobalSection
EndGlobal
