
Microsoft Visual Studio Solution File, Format Version 12.00
# Visual Studio 15
VisualStudioVersion = 15.0.27004.2010
MinimumVisualStudioVersion = 10.0.40219.1
Project("{FAE04EC0-301F-11D3-BF4B-00C04F79EFBC}") = "01.Stealer", "01.Stealer\01.Stealer.csproj", "{B5165D58-4DB9-4D28-A8C4-B42630908B3D}"
EndProject
Project("{FAE04EC0-301F-11D3-BF4B-00C04F79EFBC}") = "02.HighQualityMistakes", "02.HighQualityMistakes\02.HighQualityMistakes.csproj", "{512AB671-2BC0-4457-B5CE-E589EF3980F7}"
EndProject
Project("{FAE04EC0-301F-11D3-BF4B-00C04F79EFBC}") = "03.MissionPrivateImpossible", "03.MissionPrivateImpossible\03.MissionPrivateImpossible.csproj", "{AED82B2B-9A39-4E7D-892C-8FE587EFDD7C}"
EndProject
Project("{FAE04EC0-301F-11D3-BF4B-00C04F79EFBC}") = "4.Collector", "4.Collector\4.Collector.csproj", "{AA8D9B01-D682-41D6-8827-5840398AE90C}"
EndProject
Global
	GlobalSection(SolutionConfigurationPlatforms) = preSolution
		Debug|Any CPU = Debug|Any CPU
		Release|Any CPU = Release|Any CPU
	EndGlobalSection
	GlobalSection(ProjectConfigurationPlatforms) = postSolution
		{B5165D58-4DB9-4D28-A8C4-B42630908B3D}.Debug|Any CPU.ActiveCfg = Debug|Any CPU
		{B5165D58-4DB9-4D28-A8C4-B42630908B3D}.Debug|Any CPU.Build.0 = Debug|Any CPU
		{B5165D58-4DB9-4D28-A8C4-B42630908B3D}.Release|Any CPU.ActiveCfg = Release|Any CPU
		{B5165D58-4DB9-4D28-A8C4-B42630908B3D}.Release|Any CPU.Build.0 = Release|Any CPU
		{512AB671-2BC0-4457-B5CE-E589EF3980F7}.Debug|Any CPU.ActiveCfg = Debug|Any CPU
		{512AB671-2BC0-4457-B5CE-E589EF3980F7}.Debug|Any CPU.Build.0 = Debug|Any CPU
		{512AB671-2BC0-4457-B5CE-E589EF3980F7}.Release|Any CPU.ActiveCfg = Release|Any CPU
		{512AB671-2BC0-4457-B5CE-E589EF3980F7}.Release|Any CPU.Build.0 = Release|Any CPU
		{AED82B2B-9A39-4E7D-892C-8FE587EFDD7C}.Debug|Any CPU.ActiveCfg = Debug|Any CPU
		{AED82B2B-9A39-4E7D-892C-8FE587EFDD7C}.Debug|Any CPU.Build.0 = Debug|Any CPU
		{AED82B2B-9A39-4E7D-892C-8FE587EFDD7C}.Release|Any CPU.ActiveCfg = Release|Any CPU
		{AED82B2B-9A39-4E7D-892C-8FE587EFDD7C}.Release|Any CPU.Build.0 = Release|Any CPU
		{AA8D9B01-D682-41D6-8827-5840398AE90C}.Debug|Any CPU.ActiveCfg = Debug|Any CPU
		{AA8D9B01-D682-41D6-8827-5840398AE90C}.Debug|Any CPU.Build.0 = Debug|Any CPU
		{AA8D9B01-D682-41D6-8827-5840398AE90C}.Release|Any CPU.ActiveCfg = Release|Any CPU
		{AA8D9B01-D682-41D6-8827-5840398AE90C}.Release|Any CPU.Build.0 = Release|Any CPU
	EndGlobalSection
	GlobalSection(SolutionProperties) = preSolution
		HideSolutionNode = FALSE
	EndGlobalSection
	GlobalSection(ExtensibilityGlobals) = postSolution
		SolutionGuid = {D65EC5F3-BE00-4CC0-9314-D8D64FFFCC2E}
	EndGlobalSection
EndGlobal
