
Microsoft Visual Studio Solution File, Format Version 12.00
# Visual Studio 15
VisualStudioVersion = 15.0.27004.2010
MinimumVisualStudioVersion = 10.0.40219.1
Project("{FAE04EC0-301F-11D3-BF4B-00C04F79EFBC}") = "01.Vehicles", "01.Vehicles\01.Vehicles.csproj", "{B2D1D94F-DA2D-4CF3-A614-F936A3A328A8}"
EndProject
Project("{FAE04EC0-301F-11D3-BF4B-00C04F79EFBC}") = "02.VehiclesExtension", "02.VehiclesExtension\02.VehiclesExtension.csproj", "{B26F01BD-8F43-4995-A368-FAB76ED3A069}"
EndProject
Project("{FAE04EC0-301F-11D3-BF4B-00C04F79EFBC}") = "03.WildFarm", "03.WildFarm\03.WildFarm.csproj", "{B38A966E-F8ED-4188-B7A0-4F2FDB13F67F}"
EndProject
Global
	GlobalSection(SolutionConfigurationPlatforms) = preSolution
		Debug|Any CPU = Debug|Any CPU
		Release|Any CPU = Release|Any CPU
	EndGlobalSection
	GlobalSection(ProjectConfigurationPlatforms) = postSolution
		{B2D1D94F-DA2D-4CF3-A614-F936A3A328A8}.Debug|Any CPU.ActiveCfg = Debug|Any CPU
		{B2D1D94F-DA2D-4CF3-A614-F936A3A328A8}.Debug|Any CPU.Build.0 = Debug|Any CPU
		{B2D1D94F-DA2D-4CF3-A614-F936A3A328A8}.Release|Any CPU.ActiveCfg = Release|Any CPU
		{B2D1D94F-DA2D-4CF3-A614-F936A3A328A8}.Release|Any CPU.Build.0 = Release|Any CPU
		{B26F01BD-8F43-4995-A368-FAB76ED3A069}.Debug|Any CPU.ActiveCfg = Debug|Any CPU
		{B26F01BD-8F43-4995-A368-FAB76ED3A069}.Debug|Any CPU.Build.0 = Debug|Any CPU
		{B26F01BD-8F43-4995-A368-FAB76ED3A069}.Release|Any CPU.ActiveCfg = Release|Any CPU
		{B26F01BD-8F43-4995-A368-FAB76ED3A069}.Release|Any CPU.Build.0 = Release|Any CPU
		{B38A966E-F8ED-4188-B7A0-4F2FDB13F67F}.Debug|Any CPU.ActiveCfg = Debug|Any CPU
		{B38A966E-F8ED-4188-B7A0-4F2FDB13F67F}.Debug|Any CPU.Build.0 = Debug|Any CPU
		{B38A966E-F8ED-4188-B7A0-4F2FDB13F67F}.Release|Any CPU.ActiveCfg = Release|Any CPU
		{B38A966E-F8ED-4188-B7A0-4F2FDB13F67F}.Release|Any CPU.Build.0 = Release|Any CPU
	EndGlobalSection
	GlobalSection(SolutionProperties) = preSolution
		HideSolutionNode = FALSE
	EndGlobalSection
	GlobalSection(ExtensibilityGlobals) = postSolution
		SolutionGuid = {7586135C-D341-4714-B0D1-0063CA734A44}
	EndGlobalSection
EndGlobal
