
Microsoft Visual Studio Solution File, Format Version 12.00
# Visual Studio 15
VisualStudioVersion = 15.0.27004.2010
MinimumVisualStudioVersion = 10.0.40219.1
Project("{FAE04EC0-301F-11D3-BF4B-00C04F79EFBC}") = "01.Shapes", "01.Shapes\01.Shapes.csproj", "{03706772-BEEF-4C7F-B3A5-4068812ACD0D}"
EndProject
Project("{FAE04EC0-301F-11D3-BF4B-00C04F79EFBC}") = "02.Cars", "02.Cars\02.Cars.csproj", "{728837C8-E9A4-43A7-8B7C-1985AF985905}"
EndProject
Global
	GlobalSection(SolutionConfigurationPlatforms) = preSolution
		Debug|Any CPU = Debug|Any CPU
		Release|Any CPU = Release|Any CPU
	EndGlobalSection
	GlobalSection(ProjectConfigurationPlatforms) = postSolution
		{03706772-BEEF-4C7F-B3A5-4068812ACD0D}.Debug|Any CPU.ActiveCfg = Debug|Any CPU
		{03706772-BEEF-4C7F-B3A5-4068812ACD0D}.Debug|Any CPU.Build.0 = Debug|Any CPU
		{03706772-BEEF-4C7F-B3A5-4068812ACD0D}.Release|Any CPU.ActiveCfg = Release|Any CPU
		{03706772-BEEF-4C7F-B3A5-4068812ACD0D}.Release|Any CPU.Build.0 = Release|Any CPU
		{728837C8-E9A4-43A7-8B7C-1985AF985905}.Debug|Any CPU.ActiveCfg = Debug|Any CPU
		{728837C8-E9A4-43A7-8B7C-1985AF985905}.Debug|Any CPU.Build.0 = Debug|Any CPU
		{728837C8-E9A4-43A7-8B7C-1985AF985905}.Release|Any CPU.ActiveCfg = Release|Any CPU
		{728837C8-E9A4-43A7-8B7C-1985AF985905}.Release|Any CPU.Build.0 = Release|Any CPU
	EndGlobalSection
	GlobalSection(SolutionProperties) = preSolution
		HideSolutionNode = FALSE
	EndGlobalSection
	GlobalSection(ExtensibilityGlobals) = postSolution
		SolutionGuid = {CB1D8404-BB99-46CF-BE3A-1DDC3676C441}
	EndGlobalSection
EndGlobal
