
Microsoft Visual Studio Solution File, Format Version 12.00
# Visual Studio 15
VisualStudioVersion = 15.0.27004.2010
MinimumVisualStudioVersion = 10.0.40219.1
Project("{FAE04EC0-301F-11D3-BF4B-00C04F79EFBC}") = "01. ParkingLot", "01. ParkingLot\01. ParkingLot.csproj", "{432446E6-332E-494F-A924-417EACD73BB8}"
EndProject
Project("{FAE04EC0-301F-11D3-BF4B-00C04F79EFBC}") = "02. SoftUniParty", "SoftUniParty\02. SoftUniParty.csproj", "{B59E2F3F-99ED-4672-85E9-1CC552F9C095}"
EndProject
Project("{FAE04EC0-301F-11D3-BF4B-00C04F79EFBC}") = "03. CountSameValuesInArray", "03. CountSameValuesInArray\03. CountSameValuesInArray.csproj", "{9B0B21B5-B56F-4A6A-AF5D-337F70368D95}"
EndProject
Project("{FAE04EC0-301F-11D3-BF4B-00C04F79EFBC}") = "04. AcademyGraduation", "AcademyGraduation\04. AcademyGraduation.csproj", "{FD163DCB-F10F-4506-9F74-0F641EE027C6}"
EndProject
Global
	GlobalSection(SolutionConfigurationPlatforms) = preSolution
		Debug|Any CPU = Debug|Any CPU
		Release|Any CPU = Release|Any CPU
	EndGlobalSection
	GlobalSection(ProjectConfigurationPlatforms) = postSolution
		{432446E6-332E-494F-A924-417EACD73BB8}.Debug|Any CPU.ActiveCfg = Debug|Any CPU
		{432446E6-332E-494F-A924-417EACD73BB8}.Debug|Any CPU.Build.0 = Debug|Any CPU
		{432446E6-332E-494F-A924-417EACD73BB8}.Release|Any CPU.ActiveCfg = Release|Any CPU
		{432446E6-332E-494F-A924-417EACD73BB8}.Release|Any CPU.Build.0 = Release|Any CPU
		{B59E2F3F-99ED-4672-85E9-1CC552F9C095}.Debug|Any CPU.ActiveCfg = Debug|Any CPU
		{B59E2F3F-99ED-4672-85E9-1CC552F9C095}.Debug|Any CPU.Build.0 = Debug|Any CPU
		{B59E2F3F-99ED-4672-85E9-1CC552F9C095}.Release|Any CPU.ActiveCfg = Release|Any CPU
		{B59E2F3F-99ED-4672-85E9-1CC552F9C095}.Release|Any CPU.Build.0 = Release|Any CPU
		{9B0B21B5-B56F-4A6A-AF5D-337F70368D95}.Debug|Any CPU.ActiveCfg = Debug|Any CPU
		{9B0B21B5-B56F-4A6A-AF5D-337F70368D95}.Debug|Any CPU.Build.0 = Debug|Any CPU
		{9B0B21B5-B56F-4A6A-AF5D-337F70368D95}.Release|Any CPU.ActiveCfg = Release|Any CPU
		{9B0B21B5-B56F-4A6A-AF5D-337F70368D95}.Release|Any CPU.Build.0 = Release|Any CPU
		{FD163DCB-F10F-4506-9F74-0F641EE027C6}.Debug|Any CPU.ActiveCfg = Debug|Any CPU
		{FD163DCB-F10F-4506-9F74-0F641EE027C6}.Debug|Any CPU.Build.0 = Debug|Any CPU
		{FD163DCB-F10F-4506-9F74-0F641EE027C6}.Release|Any CPU.ActiveCfg = Release|Any CPU
		{FD163DCB-F10F-4506-9F74-0F641EE027C6}.Release|Any CPU.Build.0 = Release|Any CPU
	EndGlobalSection
	GlobalSection(SolutionProperties) = preSolution
		HideSolutionNode = FALSE
	EndGlobalSection
	GlobalSection(ExtensibilityGlobals) = postSolution
		SolutionGuid = {F4E4206B-1FD4-482F-B64B-7C3408BAD903}
	EndGlobalSection
EndGlobal
