
Microsoft Visual Studio Solution File, Format Version 12.00
# Visual Studio 15
VisualStudioVersion = 15.0.27428.2015
MinimumVisualStudioVersion = 10.0.40219.1
Project("{FAE04EC0-301F-11D3-BF4B-00C04F79EFBC}") = "IteratorTest", "IteratorTest\IteratorTest.csproj", "{A92D8852-EFE7-4E96-AAD2-C5663DEB79D2}"
EndProject
Project("{FAE04EC0-301F-11D3-BF4B-00C04F79EFBC}") = "ITeratorTest.Test", "ITeratorTest.Test\ITeratorTest.Test.csproj", "{43E229FB-89DB-407D-890E-2F44164FDA81}"
EndProject
Global
	GlobalSection(SolutionConfigurationPlatforms) = preSolution
		Debug|Any CPU = Debug|Any CPU
		Release|Any CPU = Release|Any CPU
	EndGlobalSection
	GlobalSection(ProjectConfigurationPlatforms) = postSolution
		{A92D8852-EFE7-4E96-AAD2-C5663DEB79D2}.Debug|Any CPU.ActiveCfg = Debug|Any CPU
		{A92D8852-EFE7-4E96-AAD2-C5663DEB79D2}.Debug|Any CPU.Build.0 = Debug|Any CPU
		{A92D8852-EFE7-4E96-AAD2-C5663DEB79D2}.Release|Any CPU.ActiveCfg = Release|Any CPU
		{A92D8852-EFE7-4E96-AAD2-C5663DEB79D2}.Release|Any CPU.Build.0 = Release|Any CPU
		{43E229FB-89DB-407D-890E-2F44164FDA81}.Debug|Any CPU.ActiveCfg = Debug|Any CPU
		{43E229FB-89DB-407D-890E-2F44164FDA81}.Debug|Any CPU.Build.0 = Debug|Any CPU
		{43E229FB-89DB-407D-890E-2F44164FDA81}.Release|Any CPU.ActiveCfg = Release|Any CPU
		{43E229FB-89DB-407D-890E-2F44164FDA81}.Release|Any CPU.Build.0 = Release|Any CPU
	EndGlobalSection
	GlobalSection(SolutionProperties) = preSolution
		HideSolutionNode = FALSE
	EndGlobalSection
	GlobalSection(ExtensibilityGlobals) = postSolution
		SolutionGuid = {70B8EA66-7A4B-4507-AE61-5DCF1608383D}
	EndGlobalSection
EndGlobal
