
Microsoft Visual Studio Solution File, Format Version 12.00
# Visual Studio 15
VisualStudioVersion = 15.0.27004.2010
MinimumVisualStudioVersion = 10.0.40219.1
Project("{FAE04EC0-301F-11D3-BF4B-00C04F79EFBC}") = "1.Library", "1.Library\1.Library.csproj", "{B45D9508-3BEB-46F5-9F26-7C86E3AB8FC7}"
EndProject
Project("{FAE04EC0-301F-11D3-BF4B-00C04F79EFBC}") = "3.ComparableBook", "3.ComparableBook\3.ComparableBook.csproj", "{C544D01A-D2DD-43E5-B886-F105266847A1}"
EndProject
Project("{FAE04EC0-301F-11D3-BF4B-00C04F79EFBC}") = "4.BookComparator", "4.BookComparator\4.BookComparator.csproj", "{51F29A1C-EA0A-4C8B-8D1D-10DBD116899A}"
EndProject
Global
	GlobalSection(SolutionConfigurationPlatforms) = preSolution
		Debug|Any CPU = Debug|Any CPU
		Release|Any CPU = Release|Any CPU
	EndGlobalSection
	GlobalSection(ProjectConfigurationPlatforms) = postSolution
		{B45D9508-3BEB-46F5-9F26-7C86E3AB8FC7}.Debug|Any CPU.ActiveCfg = Debug|Any CPU
		{B45D9508-3BEB-46F5-9F26-7C86E3AB8FC7}.Debug|Any CPU.Build.0 = Debug|Any CPU
		{B45D9508-3BEB-46F5-9F26-7C86E3AB8FC7}.Release|Any CPU.ActiveCfg = Release|Any CPU
		{B45D9508-3BEB-46F5-9F26-7C86E3AB8FC7}.Release|Any CPU.Build.0 = Release|Any CPU
		{C544D01A-D2DD-43E5-B886-F105266847A1}.Debug|Any CPU.ActiveCfg = Debug|Any CPU
		{C544D01A-D2DD-43E5-B886-F105266847A1}.Debug|Any CPU.Build.0 = Debug|Any CPU
		{C544D01A-D2DD-43E5-B886-F105266847A1}.Release|Any CPU.ActiveCfg = Release|Any CPU
		{C544D01A-D2DD-43E5-B886-F105266847A1}.Release|Any CPU.Build.0 = Release|Any CPU
		{51F29A1C-EA0A-4C8B-8D1D-10DBD116899A}.Debug|Any CPU.ActiveCfg = Debug|Any CPU
		{51F29A1C-EA0A-4C8B-8D1D-10DBD116899A}.Debug|Any CPU.Build.0 = Debug|Any CPU
		{51F29A1C-EA0A-4C8B-8D1D-10DBD116899A}.Release|Any CPU.ActiveCfg = Release|Any CPU
		{51F29A1C-EA0A-4C8B-8D1D-10DBD116899A}.Release|Any CPU.Build.0 = Release|Any CPU
	EndGlobalSection
	GlobalSection(SolutionProperties) = preSolution
		HideSolutionNode = FALSE
	EndGlobalSection
	GlobalSection(ExtensibilityGlobals) = postSolution
		SolutionGuid = {68A5DA86-E4A3-4EF1-BB5A-EFC7874CF7EF}
	EndGlobalSection
EndGlobal
