
Microsoft Visual Studio Solution File, Format Version 12.00
# Visual Studio 15
VisualStudioVersion = 15.0.27004.2010
MinimumVisualStudioVersion = 10.0.40219.1
Project("{FAE04EC0-301F-11D3-BF4B-00C04F79EFBC}") = "02. Line Number", "02. Line Number\02. Line Number.csproj", "{9EE16499-CF3B-4D08-9E7B-F288FE8013C3}"
EndProject
Project("{FAE04EC0-301F-11D3-BF4B-00C04F79EFBC}") = "01.Odd Lines", "01.Odd Lines\01.Odd Lines.csproj", "{C755F2AC-3042-4842-8632-1825EE0EF587}"
EndProject
Project("{FAE04EC0-301F-11D3-BF4B-00C04F79EFBC}") = "03. Word count", "03. Word count\03. Word count.csproj", "{5A2434AA-5A40-4ECD-865B-5EBB11F91ACF}"
EndProject
Project("{FAE04EC0-301F-11D3-BF4B-00C04F79EFBC}") = "04. Copy Binary File", "04. Copy Binary File\04. Copy Binary File.csproj", "{3A2204F4-D6A3-442D-A61B-32D6DC8F77D9}"
EndProject
Project("{FAE04EC0-301F-11D3-BF4B-00C04F79EFBC}") = "05. Slicing File", "05. Slicing File\05. Slicing File.csproj", "{C7293CEC-E2FF-4687-99C3-631CD389DD4C}"
EndProject
Global
	GlobalSection(SolutionConfigurationPlatforms) = preSolution
		Debug|Any CPU = Debug|Any CPU
		Release|Any CPU = Release|Any CPU
	EndGlobalSection
	GlobalSection(ProjectConfigurationPlatforms) = postSolution
		{9EE16499-CF3B-4D08-9E7B-F288FE8013C3}.Debug|Any CPU.ActiveCfg = Debug|Any CPU
		{9EE16499-CF3B-4D08-9E7B-F288FE8013C3}.Debug|Any CPU.Build.0 = Debug|Any CPU
		{9EE16499-CF3B-4D08-9E7B-F288FE8013C3}.Release|Any CPU.ActiveCfg = Release|Any CPU
		{9EE16499-CF3B-4D08-9E7B-F288FE8013C3}.Release|Any CPU.Build.0 = Release|Any CPU
		{C755F2AC-3042-4842-8632-1825EE0EF587}.Debug|Any CPU.ActiveCfg = Debug|Any CPU
		{C755F2AC-3042-4842-8632-1825EE0EF587}.Debug|Any CPU.Build.0 = Debug|Any CPU
		{C755F2AC-3042-4842-8632-1825EE0EF587}.Release|Any CPU.ActiveCfg = Release|Any CPU
		{C755F2AC-3042-4842-8632-1825EE0EF587}.Release|Any CPU.Build.0 = Release|Any CPU
		{5A2434AA-5A40-4ECD-865B-5EBB11F91ACF}.Debug|Any CPU.ActiveCfg = Debug|Any CPU
		{5A2434AA-5A40-4ECD-865B-5EBB11F91ACF}.Debug|Any CPU.Build.0 = Debug|Any CPU
		{5A2434AA-5A40-4ECD-865B-5EBB11F91ACF}.Release|Any CPU.ActiveCfg = Release|Any CPU
		{5A2434AA-5A40-4ECD-865B-5EBB11F91ACF}.Release|Any CPU.Build.0 = Release|Any CPU
		{3A2204F4-D6A3-442D-A61B-32D6DC8F77D9}.Debug|Any CPU.ActiveCfg = Debug|Any CPU
		{3A2204F4-D6A3-442D-A61B-32D6DC8F77D9}.Debug|Any CPU.Build.0 = Debug|Any CPU
		{3A2204F4-D6A3-442D-A61B-32D6DC8F77D9}.Release|Any CPU.ActiveCfg = Release|Any CPU
		{3A2204F4-D6A3-442D-A61B-32D6DC8F77D9}.Release|Any CPU.Build.0 = Release|Any CPU
		{C7293CEC-E2FF-4687-99C3-631CD389DD4C}.Debug|Any CPU.ActiveCfg = Debug|Any CPU
		{C7293CEC-E2FF-4687-99C3-631CD389DD4C}.Debug|Any CPU.Build.0 = Debug|Any CPU
		{C7293CEC-E2FF-4687-99C3-631CD389DD4C}.Release|Any CPU.ActiveCfg = Release|Any CPU
		{C7293CEC-E2FF-4687-99C3-631CD389DD4C}.Release|Any CPU.Build.0 = Release|Any CPU
	EndGlobalSection
	GlobalSection(SolutionProperties) = preSolution
		HideSolutionNode = FALSE
	EndGlobalSection
	GlobalSection(ExtensibilityGlobals) = postSolution
		SolutionGuid = {5EFF6E69-CD07-4295-867D-CB3D5851488C}
	EndGlobalSection
EndGlobal
