
Microsoft Visual Studio Solution File, Format Version 12.00
# Visual Studio 15
VisualStudioVersion = 15.0.27004.2010
MinimumVisualStudioVersion = 10.0.40219.1
Project("{9A19103F-16F7-4668-BE54-9A1E7A4F7556}") = "P02_BlackBoxInteger", "P02_BlackBoxInteger.csproj", "{99005D5D-44B3-4909-8075-A7B11F280A91}"
EndProject
Global
	GlobalSection(SolutionConfigurationPlatforms) = preSolution
		Debug|Any CPU = Debug|Any CPU
		Release|Any CPU = Release|Any CPU
	EndGlobalSection
	GlobalSection(ProjectConfigurationPlatforms) = postSolution
		{99005D5D-44B3-4909-8075-A7B11F280A91}.Debug|Any CPU.ActiveCfg = Debug|Any CPU
		{99005D5D-44B3-4909-8075-A7B11F280A91}.Debug|Any CPU.Build.0 = Debug|Any CPU
		{99005D5D-44B3-4909-8075-A7B11F280A91}.Release|Any CPU.ActiveCfg = Release|Any CPU
		{99005D5D-44B3-4909-8075-A7B11F280A91}.Release|Any CPU.Build.0 = Release|Any CPU
	EndGlobalSection
	GlobalSection(SolutionProperties) = preSolution
		HideSolutionNode = FALSE
	EndGlobalSection
	GlobalSection(ExtensibilityGlobals) = postSolution
		SolutionGuid = {3881ED85-1802-4E98-8CBC-0E2475560138}
	EndGlobalSection
EndGlobal
